
Microsoft Visual Studio Solution File, Format Version 12.00
# Visual Studio 15
VisualStudioVersion = 15.0.26228.9
MinimumVisualStudioVersion = 10.0.40219.1
Project("{FAE04EC0-301F-11D3-BF4B-00C04F79EFBC}") = "Emzi0767.OperatorList", "Emzi0767.OperatorList\Emzi0767.OperatorList.csproj", "{28E8047E-5121-4A9B-AE8C-7344292575B4}"
EndProject
Project("{FAE04EC0-301F-11D3-BF4B-00C04F79EFBC}") = "Emzi0767.OperatorList.Test", "Emzi0767.OperatorList.Test\Emzi0767.OperatorList.Test.csproj", "{1E7ED176-BF1A-486B-804C-1D644E4F91FD}"
EndProject
Global
	GlobalSection(SolutionConfigurationPlatforms) = preSolution
		Debug|Any CPU = Debug|Any CPU
		Release|Any CPU = Release|Any CPU
	EndGlobalSection
	GlobalSection(ProjectConfigurationPlatforms) = postSolution
		{28E8047E-5121-4A9B-AE8C-7344292575B4}.Debug|Any CPU.ActiveCfg = Debug|Any CPU
		{28E8047E-5121-4A9B-AE8C-7344292575B4}.Debug|Any CPU.Build.0 = Debug|Any CPU
		{28E8047E-5121-4A9B-AE8C-7344292575B4}.Release|Any CPU.ActiveCfg = Release|Any CPU
		{28E8047E-5121-4A9B-AE8C-7344292575B4}.Release|Any CPU.Build.0 = Release|Any CPU
		{1E7ED176-BF1A-486B-804C-1D644E4F91FD}.Debug|Any CPU.ActiveCfg = Debug|Any CPU
		{1E7ED176-BF1A-486B-804C-1D644E4F91FD}.Debug|Any CPU.Build.0 = Debug|Any CPU
		{1E7ED176-BF1A-486B-804C-1D644E4F91FD}.Release|Any CPU.ActiveCfg = Release|Any CPU
		{1E7ED176-BF1A-486B-804C-1D644E4F91FD}.Release|Any CPU.Build.0 = Release|Any CPU
	EndGlobalSection
	GlobalSection(SolutionProperties) = preSolution
		HideSolutionNode = FALSE
	EndGlobalSection
EndGlobal
